schema: '2.0'
stages:
  preprare:
    cmd: python .\src\data\dataset_cleasing.py --precipitaciones .\data\raw\precipitaciones.csv
      --banco_central .\data\raw\banco_central.csv --precio_leche .\data\raw\precio_leche.csv
    deps:
    - path: .\src\data\dataset_cleasing.py
      md5: 07ebac16fdf2bc5d3f26459835ab5c4b
      size: 7306
    outs:
    - path: .\data\processed\precio_leche.csv
      md5: 56c656342dc0b4c93d1fb745db7511a9
      size: 167327
  train:
    cmd: python ./src/model/train.py --input_data ./data/processed/features.csv --output_model_path
      ./models/model.pkl
    deps:
    - path: ./data/processed/features.csv
      md5: 9864d568e8e671fb3f873e8506638afd
      size: 170209
    - path: ./src/model/train.py
      md5: d749b00e0b8e907738aaa05eff560991
      size: 3766
    outs:
    - path: ./models/model.pkl
      md5: 41bfec9659e8083afa866b21cc0ebde6
      size: 35824
  prepare:
    cmd: python ./src/data/dataset_cleasing.py --precipitaciones ./data/raw/precipitaciones.csv
      --banco_central ./data/raw/banco_central.csv --precio_leche ./data/raw/precio_leche.csv
    deps:
    - path: ./src/data/dataset_cleasing.py
      md5: 018f12e925a331596ef2b20aecae9aa6
      size: 6823
    outs:
    - path: ./data/processed/features.csv
      md5: 9864d568e8e671fb3f873e8506638afd
      size: 170209
    - path: ./data/processed/merged.csv
      md5: fa09627b6b353a8fcd667be9292a38f1
      size: 40642
